
Microsoft Visual Studio Solution File, Format Version 12.00
# Visual Studio Version 17
VisualStudioVersion = 17.10.35027.167
MinimumVisualStudioVersion = 10.0.40219.1
Project("{FAE04EC0-301F-11D3-BF4B-00C04F79EFBC}") = "webmvctask", "webmvctask\webmvctask.csproj", "{008E5E86-718F-48E8-8B74-CB64ED5D17BB}"
EndProject
Global
	GlobalSection(SolutionConfigurationPlatforms) = preSolution
		Debug|Any CPU = Debug|Any CPU
		Release|Any CPU = Release|Any CPU
	EndGlobalSection
	GlobalSection(ProjectConfigurationPlatforms) = postSolution
		{008E5E86-718F-48E8-8B74-CB64ED5D17BB}.Debug|Any CPU.ActiveCfg = Debug|Any CPU
		{008E5E86-718F-48E8-8B74-CB64ED5D17BB}.Debug|Any CPU.Build.0 = Debug|Any CPU
		{008E5E86-718F-48E8-8B74-CB64ED5D17BB}.Release|Any CPU.ActiveCfg = Release|Any CPU
		{008E5E86-718F-48E8-8B74-CB64ED5D17BB}.Release|Any CPU.Build.0 = Release|Any CPU
	EndGlobalSection
	GlobalSection(SolutionProperties) = preSolution
		HideSolutionNode = FALSE
	EndGlobalSection
	GlobalSection(ExtensibilityGlobals) = postSolution
		SolutionGuid = {3979120F-EA4A-43E3-8301-670BE6B1FC8E}
	EndGlobalSection
EndGlobal
